
Microsoft Visual Studio Solution File, Format Version 12.00
# Visual Studio Version 16
VisualStudioVersion = 16.0.30611.23
MinimumVisualStudioVersion = 10.0.40219.1
Project("{FAE04EC0-301F-11D3-BF4B-00C04F79EFBC}") = "colorsandPixels", "colorsandPixels\colorsandPixels.csproj", "{B117EA13-3175-4D35-B761-CB53E5744AAD}"
EndProject
Global
	GlobalSection(SolutionConfigurationPlatforms) = preSolution
		Debug|Any CPU = Debug|Any CPU
		Release|Any CPU = Release|Any CPU
	EndGlobalSection
	GlobalSection(ProjectConfigurationPlatforms) = postSolution
		{B117EA13-3175-4D35-B761-CB53E5744AAD}.Debug|Any CPU.ActiveCfg = Debug|Any CPU
		{B117EA13-3175-4D35-B761-CB53E5744AAD}.Debug|Any CPU.Build.0 = Debug|Any CPU
		{B117EA13-3175-4D35-B761-CB53E5744AAD}.Release|Any CPU.ActiveCfg = Release|Any CPU
		{B117EA13-3175-4D35-B761-CB53E5744AAD}.Release|Any CPU.Build.0 = Release|Any CPU
	EndGlobalSection
	GlobalSection(SolutionProperties) = preSolution
		HideSolutionNode = FALSE
	EndGlobalSection
	GlobalSection(ExtensibilityGlobals) = postSolution
		SolutionGuid = {F9A5BC94-D794-4E34-AD45-81CB65F92A25}
	EndGlobalSection
EndGlobal
